
Microsoft Visual Studio Solution File, Format Version 12.00
# Visual Studio Version 17
VisualStudioVersion = 17.5.33530.505
MinimumVisualStudioVersion = 10.0.40219.1
Project("{FAE04EC0-301F-11D3-BF4B-00C04F79EFBC}") = "CustomValidationYas", "CustomValidationYas\CustomValidationYas.csproj", "{5BDD2449-9770-4423-A126-4EB2D3878E14}"
EndProject
Global
	GlobalSection(SolutionConfigurationPlatforms) = preSolution
		Debug|Any CPU = Debug|Any CPU
		Release|Any CPU = Release|Any CPU
	EndGlobalSection
	GlobalSection(ProjectConfigurationPlatforms) = postSolution
		{5BDD2449-9770-4423-A126-4EB2D3878E14}.Debug|Any CPU.ActiveCfg = Debug|Any CPU
		{5BDD2449-9770-4423-A126-4EB2D3878E14}.Debug|Any CPU.Build.0 = Debug|Any CPU
		{5BDD2449-9770-4423-A126-4EB2D3878E14}.Release|Any CPU.ActiveCfg = Release|Any CPU
		{5BDD2449-9770-4423-A126-4EB2D3878E14}.Release|Any CPU.Build.0 = Release|Any CPU
	EndGlobalSection
	GlobalSection(SolutionProperties) = preSolution
		HideSolutionNode = FALSE
	EndGlobalSection
	GlobalSection(ExtensibilityGlobals) = postSolution
		SolutionGuid = {79069B95-C0AB-48CE-8970-26F1651446DE}
	EndGlobalSection
EndGlobal
